// !$*UTF8*$!
{
	archiveVersion = 1;
	classes = {
	};
	objectVersion = 50;
	objects = {

/* Begin PBXBuildFile section */
		E3EEF8942379E7B700124FF4 /* AppDelegate.swift in Sources */ = {isa = PBXBuildFile; fileRef = E3EEF8932379E7B700124FF4 /* AppDelegate.swift */; };
		E3EEF8962379E7B700124FF4 /* SceneDelegate.swift in Sources */ = {isa = PBXBuildFile; fileRef = E3EEF8952379E7B700124FF4 /* SceneDelegate.swift */; };
		E3EEF8982379E7B700124FF4 /* ContentView.swift in Sources */ = {isa = PBXBuildFile; fileRef = E3EEF8972379E7B700124FF4 /* ContentView.swift */; };
		E3EEF89A2379E7B800124FF4 /* Assets.xcassets in Resources */ = {isa = PBXBuildFile; fileRef = E3EEF8992379E7B800124FF4 /* Assets.xcassets */; };
		E3EEF89D2379E7B800124FF4 /* Preview Assets.xcassets in Resources */ = {isa = PBXBuildFile; fileRef = E3EEF89C2379E7B800124FF4 /* Preview Assets.xcassets */; };
		E3EEF8A02379E7B800124FF4 /* LaunchScreen.storyboard in Resources */ = {isa = PBXBuildFile; fileRef = E3EEF89E2379E7B800124FF4 /* LaunchScreen.storyboard */; };
		E3EEF8AB2379E7B800124FF4 /* Auto531Tests.swift in Sources */ = {isa = PBXBuildFile; fileRef = E3EEF8AA2379E7B800124FF4 /* Auto531Tests.swift */; };
		E3EEF8B62379E7B800124FF4 /* Auto531UITests.swift in Sources */ = {isa = PBXBuildFile; fileRef = E3EEF8B52379E7B800124FF4 /* Auto531UITests.swift */; };
/* End PBXBuildFile section */

/* Begin PBXContainerItemProxy section */
		E3EEF8A72379E7B800124FF4 /* PBXContainerItemProxy */ = {
			isa = PBXContainerItemProxy;
			containerPortal = E3EEF8882379E7B700124FF4 /* Project object */;
			proxyType = 1;
			remoteGlobalIDString = E3EEF88F2379E7B700124FF4;
			remoteInfo = Auto531;
		};
		E3EEF8B22379E7B800124FF4 /* PBXContainerItemProxy */ = {
			isa = PBXContainerItemProxy;
			containerPortal = E3EEF8882379E7B700124FF4 /* Project object */;
			proxyType = 1;
			remoteGlobalIDString = E3EEF88F2379E7B700124FF4;
			remoteInfo = Auto531;
		};
/* End PBXContainerItemProxy section */

/* Begin PBXFileReference section */
		E3EEF8902379E7B700124FF4 /* Auto531.app */ = {isa = PBXFileReference; explicitFileType = wrapper.application; includeInIndex = 0; path = Auto531.app; sourceTree = BUILT_PRODUCTS_DIR; };
		E3EEF8932379E7B700124FF4 /* AppDelegate.swift */ = {isa = PBXFileReference; lastKnownFileType = sourcecode.swift; path = AppDelegate.swift; sourceTree = "<group>"; };
		E3EEF8952379E7B700124FF4 /* SceneDelegate.swift */ = {isa = PBXFileReference; lastKnownFileType = sourcecode.swift; path = SceneDelegate.swift; sourceTree = "<group>"; };
		E3EEF8972379E7B700124FF4 /* ContentView.swift */ = {isa = PBXFileReference; lastKnownFileType = sourcecode.swift; path = ContentView.swift; sourceTree = "<group>"; };
		E3EEF8992379E7B800124FF4 /* Assets.xcassets */ = {isa = PBXFileReference; lastKnownFileType = folder.assetcatalog; path = Assets.xcassets; sourceTree = "<group>"; };
		E3EEF89C2379E7B800124FF4 /* Preview Assets.xcassets */ = {isa = PBXFileReference; lastKnownFileType = folder.assetcatalog; path = "Preview Assets.xcassets"; sourceTree = "<group>"; };
		E3EEF89F2379E7B800124FF4 /* Base */ = {isa = PBXFileReference; lastKnownFileType = file.storyboard; name = Base; path = Base.lproj/LaunchScreen.storyboard; sourceTree = "<group>"; };
		E3EEF8A12379E7B800124FF4 /* Info.plist */ = {isa = PBXFileReference; lastKnownFileType = text.plist.xml; path = Info.plist; sourceTree = "<group>"; };
		E3EEF8A62379E7B800124FF4 /* Auto531Tests.xctest */ = {isa = PBXFileReference; explicitFileType = wrapper.cfbundle; includeInIndex = 0; path = Auto531Tests.xctest; sourceTree = BUILT_PRODUCTS_DIR; };
		E3EEF8AA2379E7B800124FF4 /* Auto531Tests.swift */ = {isa = PBXFileReference; lastKnownFileType = sourcecode.swift; path = Auto531Tests.swift; sourceTree = "<group>"; };
		E3EEF8AC2379E7B800124FF4 /* Info.plist */ = {isa = PBXFileReference; lastKnownFileType = text.plist.xml; path = Info.plist; sourceTree = "<group>"; };
		E3EEF8B12379E7B800124FF4 /* Auto531UITests.xctest */ = {isa = PBXFileReference; explicitFileType = wrapper.cfbundle; includeInIndex = 0; path = Auto531UITests.xctest; sourceTree = BUILT_PRODUCTS_DIR; };
		E3EEF8B52379E7B800124FF4 /* Auto531UITests.swift */ = {isa = PBXFileReference; lastKnownFileType = sourcecode.swift; path = Auto531UITests.swift; sourceTree = "<group>"; };
		E3EEF8B72379E7B800124FF4 /* Info.plist */ = {isa = PBXFileReference; lastKnownFileType = text.plist.xml; path = Info.plist; sourceTree = "<group>"; };
/* End PBXFileReference section */

/* Begin PBXFrameworksBuildPhase section */
		E3EEF88D2379E7B700124FF4 /* Frameworks */ = {
			isa = PBXFrameworksBuildPhase;
			buildActionMask = 2147483647;
			files = (
			);
			runOnlyForDeploymentPostprocessing = 0;
		};
		E3EEF8A32379E7B800124FF4 /* Frameworks */ = {
			isa = PBXFrameworksBuildPhase;
			buildActionMask = 2147483647;
			files = (
			);
			runOnlyForDeploymentPostprocessing = 0;
		};
		E3EEF8AE2379E7B800124FF4 /* Frameworks */ = {
			isa = PBXFrameworksBuildPhase;
			buildActionMask = 2147483647;
			files = (
			);
			runOnlyForDeploymentPostprocessing = 0;
		};
/* End PBXFrameworksBuildPhase section */

/* Begin PBXGroup section */
		E3EEF8872379E7B700124FF4 = {
			isa = PBXGroup;
			children = (
				E3EEF8922379E7B700124FF4 /* Auto531 */,
				E3EEF8A92379E7B800124FF4 /* Auto531Tests */,
				E3EEF8B42379E7B800124FF4 /* Auto531UITests */,
				E3EEF8912379E7B700124FF4 /* Products */,
			);
			sourceTree = "<group>";
		};
		E3EEF8912379E7B700124FF4 /* Products */ = {
			isa = PBXGroup;
			children = (
				E3EEF8902379E7B700124FF4 /* Auto531.app */,
				E3EEF8A62379E7B800124FF4 /* Auto531Tests.xctest */,
				E3EEF8B12379E7B800124FF4 /* Auto531UITests.xctest */,
			);
			name = Products;
			sourceTree = "<group>";
		};
		E3EEF8922379E7B700124FF4 /* Auto531 */ = {
			isa = PBXGroup;
			children = (
				E3EEF8932379E7B700124FF4 /* AppDelegate.swift */,
				E3EEF8952379E7B700124FF4 /* SceneDelegate.swift */,
				E3EEF8972379E7B700124FF4 /* ContentView.swift */,
				E3EEF8992379E7B800124FF4 /* Assets.xcassets */,
				E3EEF89E2379E7B800124FF4 /* LaunchScreen.storyboard */,
				E3EEF8A12379E7B800124FF4 /* Info.plist */,
				E3EEF89B2379E7B800124FF4 /* Preview Content */,
			);
			path = Auto531;
			sourceTree = "<group>";
		};
		E3EEF89B2379E7B800124FF4 /* Preview Content */ = {
			isa = PBXGroup;
			children = (
				E3EEF89C2379E7B800124FF4 /* Preview Assets.xcassets */,
			);
			path = "Preview Content";
			sourceTree = "<group>";
		};
		E3EEF8A92379E7B800124FF4 /* Auto531Tests */ = {
			isa = PBXGroup;
			children = (
				E3EEF8AA2379E7B800124FF4 /* Auto531Tests.swift */,
				E3EEF8AC2379E7B800124FF4 /* Info.plist */,
			);
			path = Auto531Tests;
			sourceTree = "<group>";
		};
		E3EEF8B42379E7B800124FF4 /* Auto531UITests */ = {
			isa = PBXGroup;
			children = (
				E3EEF8B52379E7B800124FF4 /* Auto531UITests.swift */,
				E3EEF8B72379E7B800124FF4 /* Info.plist */,
			);
			path = Auto531UITests;
			sourceTree = "<group>";
		};
/* End PBXGroup section */

/* Begin PBXNativeTarget section */
		E3EEF88F2379E7B700124FF4 /* Auto531 */ = {
			isa = PBXNativeTarget;
			buildConfigurationList = E3EEF8BA2379E7B800124FF4 /* Build configuration list for PBXNativeTarget "Auto531" */;
			buildPhases = (
				E3EEF88C2379E7B700124FF4 /* Sources */,
				E3EEF88D2379E7B700124FF4 /* Frameworks */,
				E3EEF88E2379E7B700124FF4 /* Resources */,
			);
			buildRules = (
			);
			dependencies = (
			);
			name = Auto531;
			productName = Auto531;
			productReference = E3EEF8902379E7B700124FF4 /* Auto531.app */;
			productType = "com.apple.product-type.application";
		};
		E3EEF8A52379E7B800124FF4 /* Auto531Tests */ = {
			isa = PBXNativeTarget;
			buildConfigurationList = E3EEF8BD2379E7B800124FF4 /* Build configuration list for PBXNativeTarget "Auto531Tests" */;
			buildPhases = (
				E3EEF8A22379E7B800124FF4 /* Sources */,
				E3EEF8A32379E7B800124FF4 /* Frameworks */,
				E3EEF8A42379E7B800124FF4 /* Resources */,
			);
			buildRules = (
			);
			dependencies = (
				E3EEF8A82379E7B800124FF4 /* PBXTargetDependency */,
			);
			name = Auto531Tests;
			productName = Auto531Tests;
			productReference = E3EEF8A62379E7B800124FF4 /* Auto531Tests.xctest */;
			productType = "com.apple.product-type.bundle.unit-test";
		};
		E3EEF8B02379E7B800124FF4 /* Auto531UITests */ = {
			isa = PBXNativeTarget;
			buildConfigurationList = E3EEF8C02379E7B800124FF4 /* Build configuration list for PBXNativeTarget "Auto531UITests" */;
			buildPhases = (
				E3EEF8AD2379E7B800124FF4 /* Sources */,
				E3EEF8AE2379E7B800124FF4 /* Frameworks */,
				E3EEF8AF2379E7B800124FF4 /* Resources */,
			);
			buildRules = (
			);
			dependencies = (
				E3EEF8B32379E7B800124FF4 /* PBXTargetDependency */,
			);
			name = Auto531UITests;
			productName = Auto531UITests;
			productReference = E3EEF8B12379E7B800124FF4 /* Auto531UITests.xctest */;
			productType = "com.apple.product-type.bundle.ui-testing";
		};
/* End PBXNativeTarget section */

/* Begin PBXProject section */
		E3EEF8882379E7B700124FF4 /* Project object */ = {
			isa = PBXProject;
			attributes = {
				LastSwiftUpdateCheck = 1120;
				LastUpgradeCheck = 1120;
				ORGANIZATIONNAME = "Matt Wind";
				TargetAttributes = {
					E3EEF88F2379E7B700124FF4 = {
						CreatedOnToolsVersion = 11.2;
					};
					E3EEF8A52379E7B800124FF4 = {
						CreatedOnToolsVersion = 11.2;
						TestTargetID = E3EEF88F2379E7B700124FF4;
					};
					E3EEF8B02379E7B800124FF4 = {
						CreatedOnToolsVersion = 11.2;
						TestTargetID = E3EEF88F2379E7B700124FF4;
					};
				};
			};
			buildConfigurationList = E3EEF88B2379E7B700124FF4 /* Build configuration list for PBXProject "Auto531" */;
			compatibilityVersion = "Xcode 9.3";
			developmentRegion = en;
			hasScannedForEncodings = 0;
			knownRegions = (
				en,
				Base,
			);
			mainGroup = E3EEF8872379E7B700124FF4;
			productRefGroup = E3EEF8912379E7B700124FF4 /* Products */;
			projectDirPath = "";
			projectRoot = "";
			targets = (
				E3EEF88F2379E7B700124FF4 /* Auto531 */,
				E3EEF8A52379E7B800124FF4 /* Auto531Tests */,
				E3EEF8B02379E7B800124FF4 /* Auto531UITests */,
			);
		};
/* End PBXProject section */

/* Begin PBXResourcesBuildPhase section */
		E3EEF88E2379E7B700124FF4 /* Resources */ = {
			isa = PBXResourcesBuildPhase;
			buildActionMask = 2147483647;
			files = (
				E3EEF8A02379E7B800124FF4 /* LaunchScreen.storyboard in Resources */,
				E3EEF89D2379E7B800124FF4 /* Preview Assets.xcassets in Resources */,
				E3EEF89A2379E7B800124FF4 /* Assets.xcassets in Resources */,
			);
			runOnlyForDeploymentPostprocessing = 0;
		};
		E3EEF8A42379E7B800124FF4 /* Resources */ = {
			isa = PBXResourcesBuildPhase;
			buildActionMask = 2147483647;
			files = (
			);
			runOnlyForDeploymentPostprocessing = 0;
		};
		E3EEF8AF2379E7B800124FF4 /* Resources */ = {
			isa = PBXResourcesBuildPhase;
			buildActionMask = 2147483647;
			files = (
			);
			runOnlyForDeploymentPostprocessing = 0;
		};
/* End PBXResourcesBuildPhase section */

/* Begin PBXSourcesBuildPhase section */
		E3EEF88C2379E7B700124FF4 /* Sources */ = {
			isa = PBXSourcesBuildPhase;
			buildActionMask = 2147483647;
			files = (
				E3EEF8942379E7B700124FF4 /* AppDelegate.swift in Sources */,
				E3EEF8962379E7B700124FF4 /* SceneDelegate.swift in Sources */,
				E3EEF8982379E7B700124FF4 /* ContentView.swift in Sources */,
			);
			runOnlyForDeploymentPostprocessing = 0;
		};
		E3EEF8A22379E7B800124FF4 /* Sources */ = {
			isa = PBXSourcesBuildPhase;
			buildActionMask = 2147483647;
			files = (
				E3EEF8AB2379E7B800124FF4 /* Auto531Tests.swift in Sources */,
			);
			runOnlyForDeploymentPostprocessing = 0;
		};
		E3EEF8AD2379E7B800124FF4 /* Sources */ = {
			isa = PBXSourcesBuildPhase;
			buildActionMask = 2147483647;
			files = (
				E3EEF8B62379E7B800124FF4 /* Auto531UITests.swift in Sources */,
			);
			runOnlyForDeploymentPostprocessing = 0;
		};
/* End PBXSourcesBuildPhase section */

/* Begin PBXTargetDependency section */
		E3EEF8A82379E7B800124FF4 /* PBXTargetDependency */ = {
			isa = PBXTargetDependency;
			target = E3EEF88F2379E7B700124FF4 /* Auto531 */;
			targetProxy = E3EEF8A72379E7B800124FF4 /* PBXContainerItemProxy */;
		};
		E3EEF8B32379E7B800124FF4 /* PBXTargetDependency */ = {
			isa = PBXTargetDependency;
			target = E3EEF88F2379E7B700124FF4 /* Auto531 */;
			targetProxy = E3EEF8B22379E7B800124FF4 /* PBXContainerItemProxy */;
		};
/* End PBXTargetDependency section */

/* Begin PBXVariantGroup section */
		E3EEF89E2379E7B800124FF4 /* LaunchScreen.storyboard */ = {
			isa = PBXVariantGroup;
			children = (
				E3EEF89F2379E7B800124FF4 /* Base */,
			);
			name = LaunchScreen.storyboard;
			sourceTree = "<group>";
		};
/* End PBXVariantGroup section */

/* Begin XCBuildConfiguration section */
		E3EEF8B82379E7B800124FF4 /* Debug */ = {
			isa = XCBuildConfiguration;
			buildSettings = {
				ALWAYS_SEARCH_USER_PATHS = NO;
				CLANG_ANALYZER_NONNULL = YES;
				CLANG_ANALYZER_NUMBER_OBJECT_CONVERSION = YES_AGGRESSIVE;
				CLANG_CXX_LANGUAGE_STANDARD = "gnu++14";
				CLANG_CXX_LIBRARY = "libc++";
				CLANG_ENABLE_MODULES = YES;
				CLANG_ENABLE_OBJC_ARC = YES;
				CLANG_ENABLE_OBJC_WEAK = YES;
				CLANG_WARN_BLOCK_CAPTURE_AUTORELEASING = YES;
				CLANG_WARN_BOOL_CONVERSION = YES;
				CLANG_WARN_COMMA = YES;
				CLANG_WARN_CONSTANT_CONVERSION = YES;
				CLANG_WARN_DEPRECATED_OBJC_IMPLEMENTATIONS = YES;
				CLANG_WARN_DIRECT_OBJC_ISA_USAGE = YES_ERROR;
				CLANG_WARN_DOCUMENTATION_COMMENTS = YES;
				CLANG_WARN_EMPTY_BODY = YES;
				CLANG_WARN_ENUM_CONVERSION = YES;
				CLANG_WARN_INFINITE_RECURSION = YES;
				CLANG_WARN_INT_CONVERSION = YES;
				CLANG_WARN_NON_LITERAL_NULL_CONVERSION = YES;
				CLANG_WARN_OBJC_IMPLICIT_RETAIN_SELF = YES;
				CLANG_WARN_OBJC_LITERAL_CONVERSION = YES;
				CLANG_WARN_OBJC_ROOT_CLASS = YES_ERROR;
				CLANG_WARN_RANGE_LOOP_ANALYSIS = YES;
				CLANG_WARN_STRICT_PROTOTYPES = YES;
				CLANG_WARN_SUSPICIOUS_MOVE = YES;
				CLANG_WARN_UNGUARDED_AVAILABILITY = YES_AGGRESSIVE;
				CLANG_WARN_UNREACHABLE_CODE = YES;
				CLANG_WARN__DUPLICATE_METHOD_MATCH = YES;
				COPY_PHASE_STRIP = NO;
				DEBUG_INFORMATION_FORMAT = dwarf;
				ENABLE_STRICT_OBJC_MSGSEND = YES;
				ENABLE_TESTABILITY = YES;
				GCC_C_LANGUAGE_STANDARD = gnu11;
				GCC_DYNAMIC_NO_PIC = NO;
				GCC_NO_COMMON_BLOCKS = YES;
				GCC_OPTIMIZATION_LEVEL = 0;
				GCC_PREPROCESSOR_DEFINITIONS = (
					"DEBUG=1",
					"$(inherited)",
				);
				GCC_WARN_64_TO_32_BIT_CONVERSION = YES;
				GCC_WARN_ABOUT_RETURN_TYPE = YES_ERROR;
				GCC_WARN_UNDECLARED_SELECTOR = YES;
				GCC_WARN_UNINITIALIZED_AUTOS = YES_AGGRESSIVE;
				GCC_WARN_UNUSED_FUNCTION = YES;
				GCC_WARN_UNUSED_VARIABLE = YES;
				IPHONEOS_DEPLOYMENT_TARGET = 13.2;
				MTL_ENABLE_DEBUG_INFO = INCLUDE_SOURCE;
				MTL_FAST_MATH = YES;
				ONLY_ACTIVE_ARCH = YES;
				SDKROOT = iphoneos;
				SWIFT_ACTIVE_COMPILATION_CONDITIONS = DEBUG;
				SWIFT_OPTIMIZATION_LEVEL = "-Onone";
			};
			name = Debug;
		};
		E3EEF8B92379E7B800124FF4 /* Release */ = {
			isa = XCBuildConfiguration;
			buildSettings = {
				ALWAYS_SEARCH_USER_PATHS = NO;
				CLANG_ANALYZER_NONNULL = YES;
				CLANG_ANALYZER_NUMBER_OBJECT_CONVERSION = YES_AGGRESSIVE;
				CLANG_CXX_LANGUAGE_STANDARD = "gnu++14";
				CLANG_CXX_LIBRARY = "libc++";
				CLANG_ENABLE_MODULES = YES;
				CLANG_ENABLE_OBJC_ARC = YES;
				CLANG_ENABLE_OBJC_WEAK = YES;
				CLANG_WARN_BLOCK_CAPTURE_AUTORELEASING = YES;
				CLANG_WARN_BOOL_CONVERSION = YES;
				CLANG_WARN_COMMA = YES;
				CLANG_WARN_CONSTANT_CONVERSION = YES;
				CLANG_WARN_DEPRECATED_OBJC_IMPLEMENTATIONS = YES;
				CLANG_WARN_DIRECT_OBJC_ISA_USAGE = YES_ERROR;
				CLANG_WARN_DOCUMENTATION_COMMENTS = YES;
				CLANG_WARN_EMPTY_BODY = YES;
				CLANG_WARN_ENUM_CONVERSION = YES;
				CLANG_WARN_INFINITE_RECURSION = YES;
				CLANG_WARN_INT_CONVERSION = YES;
				CLANG_WARN_NON_LITERAL_NULL_CONVERSION = YES;
				CLANG_WARN_OBJC_IMPLICIT_RETAIN_SELF = YES;
				CLANG_WARN_OBJC_LITERAL_CONVERSION = YES;
				CLANG_WARN_OBJC_ROOT_CLASS = YES_ERROR;
				CLANG_WARN_RANGE_LOOP_ANALYSIS = YES;
				CLANG_WARN_STRICT_PROTOTYPES = YES;
				CLANG_WARN_SUSPICIOUS_MOVE = YES;
				CLANG_WARN_UNGUARDED_AVAILABILITY = YES_AGGRESSIVE;
				CLANG_WARN_UNREACHABLE_CODE = YES;
				CLANG_WARN__DUPLICATE_METHOD_MATCH = YES;
				COPY_PHASE_STRIP = NO;
				DEBUG_INFORMATION_FORMAT = "dwarf-with-dsym";
				ENABLE_NS_ASSERTIONS = NO;
				ENABLE_STRICT_OBJC_MSGSEND = YES;
				GCC_C_LANGUAGE_STANDARD = gnu11;
				GCC_NO_COMMON_BLOCKS = YES;
				GCC_WARN_64_TO_32_BIT_CONVERSION = YES;
				GCC_WARN_ABOUT_RETURN_TYPE = YES_ERROR;
				GCC_WARN_UNDECLARED_SELECTOR = YES;
				GCC_WARN_UNINITIALIZED_AUTOS = YES_AGGRESSIVE;
				GCC_WARN_UNUSED_FUNCTION = YES;
				GCC_WARN_UNUSED_VARIABLE = YES;
				IPHONEOS_DEPLOYMENT_TARGET = 13.2;
				MTL_ENABLE_DEBUG_INFO = NO;
				MTL_FAST_MATH = YES;
				SDKROOT = iphoneos;
				SWIFT_COMPILATION_MODE = wholemodule;
				SWIFT_OPTIMIZATION_LEVEL = "-O";
				VALIDATE_PRODUCT = YES;
			};
			name = Release;
		};
		E3EEF8BB2379E7B800124FF4 /* Debug */ = {
			isa = XCBuildConfiguration;
			buildSettings = {
				ASSETCATALOG_COMPILER_APPICON_NAME = AppIcon;
				CODE_SIGN_STYLE = Automatic;
				DEVELOPMENT_ASSET_PATHS = "\"Auto531/Preview Content\"";
				DEVELOPMENT_TEAM = 3A6SHHH5U6;
				ENABLE_PREVIEWS = YES;
				INFOPLIST_FILE = Auto531/Info.plist;
				LD_RUNPATH_SEARCH_PATHS = (
					"$(inherited)",
					"@executable_path/Frameworks",
				);
				PRODUCT_BUNDLE_IDENTIFIER = wind.matt.Auto531;
				PRODUCT_NAME = "$(TARGET_NAME)";
				SWIFT_VERSION = 5.0;
				TARGETED_DEVICE_FAMILY = "1,2";
			};
			name = Debug;
		};
		E3EEF8BC2379E7B800124FF4 /* Release */ = {
			isa = XCBuildConfiguration;
			buildSettings = {
				ASSETCATALOG_COMPILER_APPICON_NAME = AppIcon;
				CODE_SIGN_STYLE = Automatic;
				DEVELOPMENT_ASSET_PATHS = "\"Auto531/Preview Content\"";
				DEVELOPMENT_TEAM = 3A6SHHH5U6;
				ENABLE_PREVIEWS = YES;
				INFOPLIST_FILE = Auto531/Info.plist;
				LD_RUNPATH_SEARCH_PATHS = (
					"$(inherited)",
					"@executable_path/Frameworks",
				);
				PRODUCT_BUNDLE_IDENTIFIER = wind.matt.Auto531;
				PRODUCT_NAME = "$(TARGET_NAME)";
				SWIFT_VERSION = 5.0;
				TARGETED_DEVICE_FAMILY = "1,2";
			};
			name = Release;
		};
		E3EEF8BE2379E7B800124FF4 /* Debug */ = {
			isa = XCBuildConfiguration;
			buildSettings = {
				ALWAYS_EMBED_SWIFT_STANDARD_LIBRARIES = YES;
				BUNDLE_LOADER = "$(TEST_HOST)";
				CODE_SIGN_STYLE = Automatic;
				DEVELOPMENT_TEAM = 3A6SHHH5U6;
				INFOPLIST_FILE = Auto531Tests/Info.plist;
				IPHONEOS_DEPLOYMENT_TARGET = 13.2;
				LD_RUNPATH_SEARCH_PATHS = (
					"$(inherited)",
					"@executable_path/Frameworks",
					"@loader_path/Frameworks",
				);
				PRODUCT_BUNDLE_IDENTIFIER = wind.matt.Auto531Tests;
				PRODUCT_NAME = "$(TARGET_NAME)";
				SWIFT_VERSION = 5.0;
				TARGETED_DEVICE_FAMILY = "1,2";
				TEST_HOST = "$(BUILT_PRODUCTS_DIR)/Auto531.app/Auto531";
			};
			name = Debug;
		};
		E3EEF8BF2379E7B800124FF4 /* Release */ = {
			isa = XCBuildConfiguration;
			buildSettings = {
				ALWAYS_EMBED_SWIFT_STANDARD_LIBRARIES = YES;
				BUNDLE_LOADER = "$(TEST_HOST)";
				CODE_SIGN_STYLE = Automatic;
				DEVELOPMENT_TEAM = 3A6SHHH5U6;
				INFOPLIST_FILE = Auto531Tests/Info.plist;
				IPHONEOS_DEPLOYMENT_TARGET = 13.2;
				LD_RUNPATH_SEARCH_PATHS = (
					"$(inherited)",
					"@executable_path/Frameworks",
					"@loader_path/Frameworks",
				);
				PRODUCT_BUNDLE_IDENTIFIER = wind.matt.Auto531Tests;
				PRODUCT_NAME = "$(TARGET_NAME)";
				SWIFT_VERSION = 5.0;
				TARGETED_DEVICE_FAMILY = "1,2";
				TEST_HOST = "$(BUILT_PRODUCTS_DIR)/Auto531.app/Auto531";
			};
			name = Release;
		};
		E3EEF8C12379E7B800124FF4 /* Debug */ = {
			isa = XCBuildConfiguration;
			buildSettings = {
				ALWAYS_EMBED_SWIFT_STANDARD_LIBRARIES = YES;
				CODE_SIGN_STYLE = Automatic;
				DEVELOPMENT_TEAM = 3A6SHHH5U6;
				INFOPLIST_FILE = Auto531UITests/Info.plist;
				LD_RUNPATH_SEARCH_PATHS = (
					"$(inherited)",
					"@executable_path/Frameworks",
					"@loader_path/Frameworks",
				);
				PRODUCT_BUNDLE_IDENTIFIER = wind.matt.Auto531UITests;
				PRODUCT_NAME = "$(TARGET_NAME)";
				SWIFT_VERSION = 5.0;
				TARGETED_DEVICE_FAMILY = "1,2";
				TEST_TARGET_NAME = Auto531;
			};
			name = Debug;
		};
		E3EEF8C22379E7B800124FF4 /* Release */ = {
			isa = XCBuildConfiguration;
			buildSettings = {
				ALWAYS_EMBED_SWIFT_STANDARD_LIBRARIES = YES;
				CODE_SIGN_STYLE = Automatic;
				DEVELOPMENT_TEAM = 3A6SHHH5U6;
				INFOPLIST_FILE = Auto531UITests/Info.plist;
				LD_RUNPATH_SEARCH_PATHS = (
					"$(inherited)",
					"@executable_path/Frameworks",
					"@loader_path/Frameworks",
				);
				PRODUCT_BUNDLE_IDENTIFIER = wind.matt.Auto531UITests;
				PRODUCT_NAME = "$(TARGET_NAME)";
				SWIFT_VERSION = 5.0;
				TARGETED_DEVICE_FAMILY = "1,2";
				TEST_TARGET_NAME = Auto531;
			};
			name = Release;
		};
/* End XCBuildConfiguration section */

/* Begin XCConfigurationList section */
		E3EEF88B2379E7B700124FF4 /* Build configuration list for PBXProject "Auto531" */ = {
			isa = XCConfigurationList;
			buildConfigurations = (
				E3EEF8B82379E7B800124FF4 /* Debug */,
				E3EEF8B92379E7B800124FF4 /* Release */,
			);
			defaultConfigurationIsVisible = 0;
			defaultConfigurationName = Release;
		};
		E3EEF8BA2379E7B800124FF4 /* Build configuration list for PBXNativeTarget "Auto531" */ = {
			isa = XCConfigurationList;
			buildConfigurations = (
				E3EEF8BB2379E7B800124FF4 /* Debug */,
				E3EEF8BC2379E7B800124FF4 /* Release */,
			);
			defaultConfigurationIsVisible = 0;
			defaultConfigurationName = Release;
		};
		E3EEF8BD2379E7B800124FF4 /* Build configuration list for PBXNativeTarget "Auto531Tests" */ = {
			isa = XCConfigurationList;
			buildConfigurations = (
				E3EEF8BE2379E7B800124FF4 /* Debug */,
				E3EEF8BF2379E7B800124FF4 /* Release */,
			);
			defaultConfigurationIsVisible = 0;
			defaultConfigurationName = Release;
		};
		E3EEF8C02379E7B800124FF4 /* Build configuration list for PBXNativeTarget "Auto531UITests" */ = {
			isa = XCConfigurationList;
			buildConfigurations = (
				E3EEF8C12379E7B800124FF4 /* Debug */,
				E3EEF8C22379E7B800124FF4 /* Release */,
			);
			defaultConfigurationIsVisible = 0;
			defaultConfigurationName = Release;
		};
/* End XCConfigurationList section */
	};
	rootObject = E3EEF8882379E7B700124FF4 /* Project object */;
}
